
Microsoft Visual Studio Solution File, Format Version 12.00
# Visual Studio Version 17
VisualStudioVersion = 17.9.34701.34
MinimumVisualStudioVersion = 10.0.40219.1
Project("{FAE04EC0-301F-11D3-BF4B-00C04F79EFBC}") = "Subroutines12B24", "Subroutines12B24\Subroutines12B24.csproj", "{7CD1A9B6-BE4C-4059-9BD3-600CED875EAE}"
EndProject
Global
	GlobalSection(SolutionConfigurationPlatforms) = preSolution
		Debug|Any CPU = Debug|Any CPU
		Release|Any CPU = Release|Any CPU
	EndGlobalSection
	GlobalSection(ProjectConfigurationPlatforms) = postSolution
		{7CD1A9B6-BE4C-4059-9BD3-600CED875EAE}.Debug|Any CPU.ActiveCfg = Debug|Any CPU
		{7CD1A9B6-BE4C-4059-9BD3-600CED875EAE}.Debug|Any CPU.Build.0 = Debug|Any CPU
		{7CD1A9B6-BE4C-4059-9BD3-600CED875EAE}.Release|Any CPU.ActiveCfg = Release|Any CPU
		{7CD1A9B6-BE4C-4059-9BD3-600CED875EAE}.Release|Any CPU.Build.0 = Release|Any CPU
	EndGlobalSection
	GlobalSection(SolutionProperties) = preSolution
		HideSolutionNode = FALSE
	EndGlobalSection
	GlobalSection(ExtensibilityGlobals) = postSolution
		SolutionGuid = {0C88661A-14AD-4945-80B8-FD96F8312297}
	EndGlobalSection
EndGlobal
